// !$*UTF8*$!
{
	archiveVersion = 1;
	classes = {
	};
	objectVersion = 46;
	objects = {

/* Begin PBXBuildFile section */
		C9F82BCA1AD77F500072DE6C /* main.m in Sources */ = {isa = PBXBuildFile; fileRef = C9F82BC91AD77F500072DE6C /* main.m */; };
		C9F82BCD1AD77F500072DE6C /* AppDelegate.m in Sources */ = {isa = PBXBuildFile; fileRef = C9F82BCC1AD77F500072DE6C /* AppDelegate.m */; };
		C9F82BD01AD77F500072DE6C /* ViewController.m in Sources */ = {isa = PBXBuildFile; fileRef = C9F82BCF1AD77F500072DE6C /* ViewController.m */; };
		C9F82BD31AD77F500072DE6C /* Main.storyboard in Resources */ = {isa = PBXBuildFile; fileRef = C9F82BD11AD77F500072DE6C /* Main.storyboard */; };
		C9F82BD51AD77F500072DE6C /* Images.xcassets in Resources */ = {isa = PBXBuildFile; fileRef = C9F82BD41AD77F500072DE6C /* Images.xcassets */; };
		C9F82BD81AD77F500072DE6C /* LaunchScreen.xib in Resources */ = {isa = PBXBuildFile; fileRef = C9F82BD61AD77F500072DE6C /* LaunchScreen.xib */; };
		C9F82BE41AD77F500072DE6C /* JSTransactionTests.m in Sources */ = {isa = PBXBuildFile; fileRef = C9F82BE31AD77F500072DE6C /* JSTransactionTests.m */; };
		C9F82BEE1AD77F9A0072DE6C /* t.js in Resources */ = {isa = PBXBuildFile; fileRef = C9F82BED1AD77F9A0072DE6C /* t.js */; };
		C9F82BF01AD780770072DE6C /* JavaScriptCore.framework in Frameworks */ = {isa = PBXBuildFile; fileRef = C9F82BEF1AD780770072DE6C /* JavaScriptCore.framework */; };
/* End PBXBuildFile section */

/* Begin PBXContainerItemProxy section */
		C9F82BDE1AD77F500072DE6C /* PBXContainerItemProxy */ = {
			isa = PBXContainerItemProxy;
			containerPortal = C9F82BBC1AD77F500072DE6C /* Project object */;
			proxyType = 1;
			remoteGlobalIDString = C9F82BC31AD77F500072DE6C;
			remoteInfo = JSTransaction;
		};
/* End PBXContainerItemProxy section */

/* Begin PBXFileReference section */
		C9F82BC41AD77F500072DE6C /* JSTransaction.app */ = {isa = PBXFileReference; explicitFileType = wrapper.application; includeInIndex = 0; path = JSTransaction.app; sourceTree = BUILT_PRODUCTS_DIR; };
		C9F82BC81AD77F500072DE6C /* Info.plist */ = {isa = PBXFileReference; lastKnownFileType = text.plist.xml; path = Info.plist; sourceTree = "<group>"; };
		C9F82BC91AD77F500072DE6C /* main.m */ = {isa = PBXFileReference; lastKnownFileType = sourcecode.c.objc; path = main.m; sourceTree = "<group>"; };
		C9F82BCB1AD77F500072DE6C /* AppDelegate.h */ = {isa = PBXFileReference; lastKnownFileType = sourcecode.c.h; path = AppDelegate.h; sourceTree = "<group>"; };
		C9F82BCC1AD77F500072DE6C /* AppDelegate.m */ = {isa = PBXFileReference; lastKnownFileType = sourcecode.c.objc; path = AppDelegate.m; sourceTree = "<group>"; };
		C9F82BCE1AD77F500072DE6C /* ViewController.h */ = {isa = PBXFileReference; lastKnownFileType = sourcecode.c.h; path = ViewController.h; sourceTree = "<group>"; };
		C9F82BCF1AD77F500072DE6C /* ViewController.m */ = {isa = PBXFileReference; lastKnownFileType = sourcecode.c.objc; path = ViewController.m; sourceTree = "<group>"; };
		C9F82BD21AD77F500072DE6C /* Base */ = {isa = PBXFileReference; lastKnownFileType = file.storyboard; name = Base; path = Base.lproj/Main.storyboard; sourceTree = "<group>"; };
		C9F82BD41AD77F500072DE6C /* Images.xcassets */ = {isa = PBXFileReference; lastKnownFileType = folder.assetcatalog; path = Images.xcassets; sourceTree = "<group>"; };
		C9F82BD71AD77F500072DE6C /* Base */ = {isa = PBXFileReference; lastKnownFileType = file.xib; name = Base; path = Base.lproj/LaunchScreen.xib; sourceTree = "<group>"; };
		C9F82BDD1AD77F500072DE6C /* JSTransactionTests.xctest */ = {isa = PBXFileReference; explicitFileType = wrapper.cfbundle; includeInIndex = 0; path = JSTransactionTests.xctest; sourceTree = BUILT_PRODUCTS_DIR; };
		C9F82BE21AD77F500072DE6C /* Info.plist */ = {isa = PBXFileReference; lastKnownFileType = text.plist.xml; path = Info.plist; sourceTree = "<group>"; };
		C9F82BE31AD77F500072DE6C /* JSTransactionTests.m */ = {isa = PBXFileReference; lastKnownFileType = sourcecode.c.objc; path = JSTransactionTests.m; sourceTree = "<group>"; };
		C9F82BED1AD77F9A0072DE6C /* t.js */ = {isa = PBXFileReference; fileEncoding = 4; lastKnownFileType = sourcecode.javascript; path = t.js; sourceTree = "<group>"; };
		C9F82BEF1AD780770072DE6C /* JavaScriptCore.framework */ = {isa = PBXFileReference; lastKnownFileType = wrapper.framework; name = JavaScriptCore.framework; path = System/Library/Frameworks/JavaScriptCore.framework; sourceTree = SDKROOT; };
/* End PBXFileReference section */

/* Begin PBXFrameworksBuildPhase section */
		C9F82BC11AD77F500072DE6C /* Frameworks */ = {
			isa = PBXFrameworksBuildPhase;
			buildActionMask = 2147483647;
			files = (
				C9F82BF01AD780770072DE6C /* JavaScriptCore.framework in Frameworks */,
			);
			runOnlyForDeploymentPostprocessing = 0;
		};
		C9F82BDA1AD77F500072DE6C /* Frameworks */ = {
			isa = PBXFrameworksBuildPhase;
			buildActionMask = 2147483647;
			files = (
			);
			runOnlyForDeploymentPostprocessing = 0;
		};
/* End PBXFrameworksBuildPhase section */

/* Begin PBXGroup section */
		C9F82BBB1AD77F500072DE6C = {
			isa = PBXGroup;
			children = (
				C9F82BEF1AD780770072DE6C /* JavaScriptCore.framework */,
				C9F82BC61AD77F500072DE6C /* JSTransaction */,
				C9F82BE01AD77F500072DE6C /* JSTransactionTests */,
				C9F82BC51AD77F500072DE6C /* Products */,
			);
			sourceTree = "<group>";
		};
		C9F82BC51AD77F500072DE6C /* Products */ = {
			isa = PBXGroup;
			children = (
				C9F82BC41AD77F500072DE6C /* JSTransaction.app */,
				C9F82BDD1AD77F500072DE6C /* JSTransactionTests.xctest */,
			);
			name = Products;
			sourceTree = "<group>";
		};
		C9F82BC61AD77F500072DE6C /* JSTransaction */ = {
			isa = PBXGroup;
			children = (
				C9F82BCB1AD77F500072DE6C /* AppDelegate.h */,
				C9F82BCC1AD77F500072DE6C /* AppDelegate.m */,
				C9F82BCE1AD77F500072DE6C /* ViewController.h */,
				C9F82BCF1AD77F500072DE6C /* ViewController.m */,
				C9F82BD11AD77F500072DE6C /* Main.storyboard */,
				C9F82BD41AD77F500072DE6C /* Images.xcassets */,
				C9F82BD61AD77F500072DE6C /* LaunchScreen.xib */,
				C9F82BED1AD77F9A0072DE6C /* t.js */,
				C9F82BC71AD77F500072DE6C /* Supporting Files */,
			);
			path = JSTransaction;
			sourceTree = "<group>";
		};
		C9F82BC71AD77F500072DE6C /* Supporting Files */ = {
			isa = PBXGroup;
			children = (
				C9F82BC81AD77F500072DE6C /* Info.plist */,
				C9F82BC91AD77F500072DE6C /* main.m */,
			);
			name = "Supporting Files";
			sourceTree = "<group>";
		};
		C9F82BE01AD77F500072DE6C /* JSTransactionTests */ = {
			isa = PBXGroup;
			children = (
				C9F82BE31AD77F500072DE6C /* JSTransactionTests.m */,
				C9F82BE11AD77F500072DE6C /* Supporting Files */,
			);
			path = JSTransactionTests;
			sourceTree = "<group>";
		};
		C9F82BE11AD77F500072DE6C /* Supporting Files */ = {
			isa = PBXGroup;
			children = (
				C9F82BE21AD77F500072DE6C /* Info.plist */,
			);
			name = "Supporting Files";
			sourceTree = "<group>";
		};
/* End PBXGroup section */

/* Begin PBXNativeTarget section */
		C9F82BC31AD77F500072DE6C /* JSTransaction */ = {
			isa = PBXNativeTarget;
			buildConfigurationList = C9F82BE71AD77F500072DE6C /* Build configuration list for PBXNativeTarget "JSTransaction" */;
			buildPhases = (
				C9F82BC01AD77F500072DE6C /* Sources */,
				C9F82BC11AD77F500072DE6C /* Frameworks */,
				C9F82BC21AD77F500072DE6C /* Resources */,
			);
			buildRules = (
			);
			dependencies = (
			);
			name = JSTransaction;
			productName = JSTransaction;
			productReference = C9F82BC41AD77F500072DE6C /* JSTransaction.app */;
			productType = "com.apple.product-type.application";
		};
		C9F82BDC1AD77F500072DE6C /* JSTransactionTests */ = {
			isa = PBXNativeTarget;
			buildConfigurationList = C9F82BEA1AD77F500072DE6C /* Build configuration list for PBXNativeTarget "JSTransactionTests" */;
			buildPhases = (
				C9F82BD91AD77F500072DE6C /* Sources */,
				C9F82BDA1AD77F500072DE6C /* Frameworks */,
				C9F82BDB1AD77F500072DE6C /* Resources */,
			);
			buildRules = (
			);
			dependencies = (
				C9F82BDF1AD77F500072DE6C /* PBXTargetDependency */,
			);
			name = JSTransactionTests;
			productName = JSTransactionTests;
			productReference = C9F82BDD1AD77F500072DE6C /* JSTransactionTests.xctest */;
			productType = "com.apple.product-type.bundle.unit-test";
		};
/* End PBXNativeTarget section */

/* Begin PBXProject section */
		C9F82BBC1AD77F500072DE6C /* Project object */ = {
			isa = PBXProject;
			attributes = {
				LastUpgradeCheck = 0630;
				ORGANIZATIONNAME = "北京爱康泰科技有限责任公司";
				TargetAttributes = {
					C9F82BC31AD77F500072DE6C = {
						CreatedOnToolsVersion = 6.3;
					};
					C9F82BDC1AD77F500072DE6C = {
						CreatedOnToolsVersion = 6.3;
						TestTargetID = C9F82BC31AD77F500072DE6C;
					};
				};
			};
			buildConfigurationList = C9F82BBF1AD77F500072DE6C /* Build configuration list for PBXProject "JSTransaction" */;
			compatibilityVersion = "Xcode 3.2";
			developmentRegion = English;
			hasScannedForEncodings = 0;
			knownRegions = (
				en,
				Base,
			);
			mainGroup = C9F82BBB1AD77F500072DE6C;
			productRefGroup = C9F82BC51AD77F500072DE6C /* Products */;
			projectDirPath = "";
			projectRoot = "";
			targets = (
				C9F82BC31AD77F500072DE6C /* JSTransaction */,
				C9F82BDC1AD77F500072DE6C /* JSTransactionTests */,
			);
		};
/* End PBXProject section */

/* Begin PBXResourcesBuildPhase section */
		C9F82BC21AD77F500072DE6C /* Resources */ = {
			isa = PBXResourcesBuildPhase;
			buildActionMask = 2147483647;
			files = (
				C9F82BD31AD77F500072DE6C /* Main.storyboard in Resources */,
				C9F82BD81AD77F500072DE6C /* LaunchScreen.xib in Resources */,
				C9F82BD51AD77F500072DE6C /* Images.xcassets in Resources */,
				C9F82BEE1AD77F9A0072DE6C /* t.js in Resources */,
			);
			runOnlyForDeploymentPostprocessing = 0;
		};
		C9F82BDB1AD77F500072DE6C /* Resources */ = {
			isa = PBXResourcesBuildPhase;
			buildActionMask = 2147483647;
			files = (
			);
			runOnlyForDeploymentPostprocessing = 0;
		};
/* End PBXResourcesBuildPhase section */

/* Begin PBXSourcesBuildPhase section */
		C9F82BC01AD77F500072DE6C /* Sources */ = {
			isa = PBXSourcesBuildPhase;
			buildActionMask = 2147483647;
			files = (
				C9F82BD01AD77F500072DE6C /* ViewController.m in Sources */,
				C9F82BCD1AD77F500072DE6C /* AppDelegate.m in Sources */,
				C9F82BCA1AD77F500072DE6C /* main.m in Sources */,
			);
			runOnlyForDeploymentPostprocessing = 0;
		};
		C9F82BD91AD77F500072DE6C /* Sources */ = {
			isa = PBXSourcesBuildPhase;
			buildActionMask = 2147483647;
			files = (
				C9F82BE41AD77F500072DE6C /* JSTransactionTests.m in Sources */,
			);
			runOnlyForDeploymentPostprocessing = 0;
		};
/* End PBXSourcesBuildPhase section */

/* Begin PBXTargetDependency section */
		C9F82BDF1AD77F500072DE6C /* PBXTargetDependency */ = {
			isa = PBXTargetDependency;
			target = C9F82BC31AD77F500072DE6C /* JSTransaction */;
			targetProxy = C9F82BDE1AD77F500072DE6C /* PBXContainerItemProxy */;
		};
/* End PBXTargetDependency section */

/* Begin PBXVariantGroup section */
		C9F82BD11AD77F500072DE6C /* Main.storyboard */ = {
			isa = PBXVariantGroup;
			children = (
				C9F82BD21AD77F500072DE6C /* Base */,
			);
			name = Main.storyboard;
			sourceTree = "<group>";
		};
		C9F82BD61AD77F500072DE6C /* LaunchScreen.xib */ = {
			isa = PBXVariantGroup;
			children = (
				C9F82BD71AD77F500072DE6C /* Base */,
			);
			name = LaunchScreen.xib;
			sourceTree = "<group>";
		};
/* End PBXVariantGroup section */

/* Begin XCBuildConfiguration section */
		C9F82BE51AD77F500072DE6C /* Debug */ = {
			isa = XCBuildConfiguration;
			buildSettings = {
				ALWAYS_SEARCH_USER_PATHS = NO;
				CLANG_CXX_LANGUAGE_STANDARD = "gnu++0x";
				CLANG_CXX_LIBRARY = "libc++";
				CLANG_ENABLE_MODULES = YES;
				CLANG_ENABLE_OBJC_ARC = YES;
				CLANG_WARN_BOOL_CONVERSION = YES;
				CLANG_WARN_CONSTANT_CONVERSION = YES;
				CLANG_WARN_DIRECT_OBJC_ISA_USAGE = YES_ERROR;
				CLANG_WARN_EMPTY_BODY = YES;
				CLANG_WARN_ENUM_CONVERSION = YES;
				CLANG_WARN_INT_CONVERSION = YES;
				CLANG_WARN_OBJC_ROOT_CLASS = YES_ERROR;
				CLANG_WARN_UNREACHABLE_CODE = YES;
				CLANG_WARN__DUPLICATE_METHOD_MATCH = YES;
				"CODE_SIGN_IDENTITY[sdk=iphoneos*]" = "iPhone Developer";
				COPY_PHASE_STRIP = NO;
				DEBUG_INFORMATION_FORMAT = "dwarf-with-dsym";
				ENABLE_STRICT_OBJC_MSGSEND = YES;
				GCC_C_LANGUAGE_STANDARD = gnu99;
				GCC_DYNAMIC_NO_PIC = NO;
				GCC_NO_COMMON_BLOCKS = YES;
				GCC_OPTIMIZATION_LEVEL = 0;
				GCC_PREPROCESSOR_DEFINITIONS = (
					"DEBUG=1",
					"$(inherited)",
				);
				GCC_SYMBOLS_PRIVATE_EXTERN = NO;
				GCC_WARN_64_TO_32_BIT_CONVERSION = YES;
				GCC_WARN_ABOUT_RETURN_TYPE = YES_ERROR;
				GCC_WARN_UNDECLARED_SELECTOR = YES;
				GCC_WARN_UNINITIALIZED_AUTOS = YES_AGGRESSIVE;
				GCC_WARN_UNUSED_FUNCTION = YES;
				GCC_WARN_UNUSED_VARIABLE = YES;
				IPHONEOS_DEPLOYMENT_TARGET = 8.3;
				MTL_ENABLE_DEBUG_INFO = YES;
				ONLY_ACTIVE_ARCH = YES;
				SDKROOT = iphoneos;
				TARGETED_DEVICE_FAMILY = "1,2";
			};
			name = Debug;
		};
		C9F82BE61AD77F500072DE6C /* Release */ = {
			isa = XCBuildConfiguration;
			buildSettings = {
				ALWAYS_SEARCH_USER_PATHS = NO;
				CLANG_CXX_LANGUAGE_STANDARD = "gnu++0x";
				CLANG_CXX_LIBRARY = "libc++";
				CLANG_ENABLE_MODULES = YES;
				CLANG_ENABLE_OBJC_ARC = YES;
				CLANG_WARN_BOOL_CONVERSION = YES;
				CLANG_WARN_CONSTANT_CONVERSION = YES;
				CLANG_WARN_DIRECT_OBJC_ISA_USAGE = YES_ERROR;
				CLANG_WARN_EMPTY_BODY = YES;
				CLANG_WARN_ENUM_CONVERSION = YES;
				CLANG_WARN_INT_CONVERSION = YES;
				CLANG_WARN_OBJC_ROOT_CLASS = YES_ERROR;
				CLANG_WARN_UNREACHABLE_CODE = YES;
				CLANG_WARN__DUPLICATE_METHOD_MATCH = YES;
				"CODE_SIGN_IDENTITY[sdk=iphoneos*]" = "iPhone Developer";
				COPY_PHASE_STRIP = NO;
				DEBUG_INFORMATION_FORMAT = "dwarf-with-dsym";
				ENABLE_NS_ASSERTIONS = NO;
				ENABLE_STRICT_OBJC_MSGSEND = YES;
				GCC_C_LANGUAGE_STANDARD = gnu99;
				GCC_NO_COMMON_BLOCKS = YES;
				GCC_WARN_64_TO_32_BIT_CONVERSION = YES;
				GCC_WARN_ABOUT_RETURN_TYPE = YES_ERROR;
				GCC_WARN_UNDECLARED_SELECTOR = YES;
				GCC_WARN_UNINITIALIZED_AUTOS = YES_AGGRESSIVE;
				GCC_WARN_UNUSED_FUNCTION = YES;
				GCC_WARN_UNUSED_VARIABLE = YES;
				IPHONEOS_DEPLOYMENT_TARGET = 8.3;
				MTL_ENABLE_DEBUG_INFO = NO;
				SDKROOT = iphoneos;
				TARGETED_DEVICE_FAMILY = "1,2";
				VALIDATE_PRODUCT = YES;
			};
			name = Release;
		};
		C9F82BE81AD77F500072DE6C /* Debug */ = {
			isa = XCBuildConfiguration;
			buildSettings = {
				ASSETCATALOG_COMPILER_APPICON_NAME = AppIcon;
				INFOPLIST_FILE = JSTransaction/Info.plist;
				LD_RUNPATH_SEARCH_PATHS = "$(inherited) @executable_path/Frameworks";
				PRODUCT_NAME = "$(TARGET_NAME)";
			};
			name = Debug;
		};
		C9F82BE91AD77F500072DE6C /* Release */ = {
			isa = XCBuildConfiguration;
			buildSettings = {
				ASSETCATALOG_COMPILER_APPICON_NAME = AppIcon;
				INFOPLIST_FILE = JSTransaction/Info.plist;
				LD_RUNPATH_SEARCH_PATHS = "$(inherited) @executable_path/Frameworks";
				PRODUCT_NAME = "$(TARGET_NAME)";
			};
			name = Release;
		};
		C9F82BEB1AD77F500072DE6C /* Debug */ = {
			isa = XCBuildConfiguration;
			buildSettings = {
				BUNDLE_LOADER = "$(TEST_HOST)";
				FRAMEWORK_SEARCH_PATHS = (
					"$(SDKROOT)/Developer/Library/Frameworks",
					"$(inherited)",
				);
				GCC_PREPROCESSOR_DEFINITIONS = (
					"DEBUG=1",
					"$(inherited)",
				);
				INFOPLIST_FILE = JSTransactionTests/Info.plist;
				LD_RUNPATH_SEARCH_PATHS = "$(inherited) @executable_path/Frameworks @loader_path/Frameworks";
				PRODUCT_NAME = "$(TARGET_NAME)";
				TEST_HOST = "$(BUILT_PRODUCTS_DIR)/JSTransaction.app/JSTransaction";
			};
			name = Debug;
		};
		C9F82BEC1AD77F500072DE6C /* Release */ = {
			isa = XCBuildConfiguration;
			buildSettings = {
				BUNDLE_LOADER = "$(TEST_HOST)";
				FRAMEWORK_SEARCH_PATHS = (
					"$(SDKROOT)/Developer/Library/Frameworks",
					"$(inherited)",
				);
				INFOPLIST_FILE = JSTransactionTests/Info.plist;
				LD_RUNPATH_SEARCH_PATHS = "$(inherited) @executable_path/Frameworks @loader_path/Frameworks";
				PRODUCT_NAME = "$(TARGET_NAME)";
				TEST_HOST = "$(BUILT_PRODUCTS_DIR)/JSTransaction.app/JSTransaction";
			};
			name = Release;
		};
/* End XCBuildConfiguration section */

/* Begin XCConfigurationList section */
		C9F82BBF1AD77F500072DE6C /* Build configuration list for PBXProject "JSTransaction" */ = {
			isa = XCConfigurationList;
			buildConfigurations = (
				C9F82BE51AD77F500072DE6C /* Debug */,
				C9F82BE61AD77F500072DE6C /* Release */,
			);
			defaultConfigurationIsVisible = 0;
			defaultConfigurationName = Release;
		};
		C9F82BE71AD77F500072DE6C /* Build configuration list for PBXNativeTarget "JSTransaction" */ = {
			isa = XCConfigurationList;
			buildConfigurations = (
				C9F82BE81AD77F500072DE6C /* Debug */,
				C9F82BE91AD77F500072DE6C /* Release */,
			);
			defaultConfigurationIsVisible = 0;
		};
		C9F82BEA1AD77F500072DE6C /* Build configuration list for PBXNativeTarget "JSTransactionTests" */ = {
			isa = XCConfigurationList;
			buildConfigurations = (
				C9F82BEB1AD77F500072DE6C /* Debug */,
				C9F82BEC1AD77F500072DE6C /* Release */,
			);
			defaultConfigurationIsVisible = 0;
		};
/* End XCConfigurationList section */
	};
	rootObject = C9F82BBC1AD77F500072DE6C /* Project object */;
}
